
Microsoft Visual Studio Solution File, Format Version 12.00
# Visual Studio 15
VisualStudioVersion = 15.0.28307.1705
MinimumVisualStudioVersion = 10.0.40219.1
Project("{2150E333-8FDC-42A3-9474-1A3956D46DE8}") = "Solution Items", "Solution Items", "{A981434A-41FE-44FA-A35C-BD398C91341A}"
EndProject
Project("{2150E333-8FDC-42A3-9474-1A3956D46DE8}") = "JavaScript", "JavaScript", "{949CBFEA-5DFB-47BE-8D98-6AA0358A414B}"
	ProjectSection(SolutionItems) = preProject
		article.js = article.js
		book.js = book.js
		conference.js = conference.js
		incollection.js = incollection.js
		online.js = online.js
		sleep.js = sleep.js
	EndProjectSection
EndProject
Project("{2150E333-8FDC-42A3-9474-1A3956D46DE8}") = "HTML", "HTML", "{F32D241F-B9E2-4A21-BF5F-20E9DF4A2809}"
	ProjectSection(SolutionItems) = preProject
		article.html = article.html
		book.html = book.html
		conference.html = conference.html
		incollection.html = incollection.html
		main.html = main.html
		online.html = online.html
	EndProjectSection
EndProject
Project("{2150E333-8FDC-42A3-9474-1A3956D46DE8}") = "CSS", "CSS", "{535C5E58-0452-4F8D-A428-14D0DFC28BA8}"
	ProjectSection(SolutionItems) = preProject
		styles.css = styles.css
	EndProjectSection
EndProject
Project("{2150E333-8FDC-42A3-9474-1A3956D46DE8}") = "Resource", "Resource", "{D6E3187A-B557-4AA9-982A-903E2B278442}"
	ProjectSection(SolutionItems) = preProject
		kabocha icon 100x100.png = kabocha icon 100x100.png
		kabocha icon 150x150.png = kabocha icon 150x150.png
		kabocha icon updates 12.png = kabocha icon updates 12.png
	EndProjectSection
EndProject
Global
	GlobalSection(SolutionProperties) = preSolution
		HideSolutionNode = FALSE
	EndGlobalSection
	GlobalSection(NestedProjects) = preSolution
		{949CBFEA-5DFB-47BE-8D98-6AA0358A414B} = {A981434A-41FE-44FA-A35C-BD398C91341A}
		{F32D241F-B9E2-4A21-BF5F-20E9DF4A2809} = {A981434A-41FE-44FA-A35C-BD398C91341A}
		{535C5E58-0452-4F8D-A428-14D0DFC28BA8} = {A981434A-41FE-44FA-A35C-BD398C91341A}
		{D6E3187A-B557-4AA9-982A-903E2B278442} = {A981434A-41FE-44FA-A35C-BD398C91341A}
	EndGlobalSection
	GlobalSection(ExtensibilityGlobals) = postSolution
		SolutionGuid = {6D83FC69-FBFB-4A3E-AEB4-DBF07D5A7B96}
	EndGlobalSection
EndGlobal
